
Microsoft Visual Studio Solution File, Format Version 12.00
# Visual Studio 15
VisualStudioVersion = 15.0.28010.2026
MinimumVisualStudioVersion = 10.0.40219.1
Project("{FAE04EC0-301F-11D3-BF4B-00C04F79EFBC}") = "RestCalculatorServiceCore", "RestCalculatorServiceCore\RestCalculatorServiceCore.csproj", "{80D12245-AE7E-4D65-8147-F5BA39EA6408}"
EndProject
Global
	GlobalSection(SolutionConfigurationPlatforms) = preSolution
		Debug|Any CPU = Debug|Any CPU
		Release|Any CPU = Release|Any CPU
	EndGlobalSection
	GlobalSection(ProjectConfigurationPlatforms) = postSolution
		{80D12245-AE7E-4D65-8147-F5BA39EA6408}.Debug|Any CPU.ActiveCfg = Debug|Any CPU
		{80D12245-AE7E-4D65-8147-F5BA39EA6408}.Debug|Any CPU.Build.0 = Debug|Any CPU
		{80D12245-AE7E-4D65-8147-F5BA39EA6408}.Release|Any CPU.ActiveCfg = Release|Any CPU
		{80D12245-AE7E-4D65-8147-F5BA39EA6408}.Release|Any CPU.Build.0 = Release|Any CPU
	EndGlobalSection
	GlobalSection(SolutionProperties) = preSolution
		HideSolutionNode = FALSE
	EndGlobalSection
	GlobalSection(ExtensibilityGlobals) = postSolution
		SolutionGuid = {B9A3288E-72EE-42EA-BDEA-37A724722B6C}
	EndGlobalSection
EndGlobal
